
Microsoft Visual Studio Solution File, Format Version 12.00
# Visual Studio Version 17
VisualStudioVersion = 17.5.002.0
MinimumVisualStudioVersion = 10.0.40219.1
Project("{9A19103F-16F7-4668-BE54-9A1E7A4F7556}") = "CargoHubAlt", "CargoHubAlt\CargoHubAlt.csproj", "{F4BF6BFA-E882-44E3-AC45-914EEB546E41}"
EndProject
Project("{9A19103F-16F7-4668-BE54-9A1E7A4F7556}") = "CargoHubTesting", "CargoHubTesting\CargoHubTesting.csproj", "{9B17F0B8-285C-4AEC-A9C7-8EDF8551E9C1}"
EndProject
Global
	GlobalSection(SolutionConfigurationPlatforms) = preSolution
		Debug|Any CPU = Debug|Any CPU
		Release|Any CPU = Release|Any CPU
	EndGlobalSection
	GlobalSection(ProjectConfigurationPlatforms) = postSolution
		{F4BF6BFA-E882-44E3-AC45-914EEB546E41}.Debug|Any CPU.ActiveCfg = Debug|Any CPU
		{F4BF6BFA-E882-44E3-AC45-914EEB546E41}.Debug|Any CPU.Build.0 = Debug|Any CPU
		{F4BF6BFA-E882-44E3-AC45-914EEB546E41}.Release|Any CPU.ActiveCfg = Release|Any CPU
		{F4BF6BFA-E882-44E3-AC45-914EEB546E41}.Release|Any CPU.Build.0 = Release|Any CPU
		{9B17F0B8-285C-4AEC-A9C7-8EDF8551E9C1}.Debug|Any CPU.ActiveCfg = Debug|Any CPU
		{9B17F0B8-285C-4AEC-A9C7-8EDF8551E9C1}.Debug|Any CPU.Build.0 = Debug|Any CPU
		{9B17F0B8-285C-4AEC-A9C7-8EDF8551E9C1}.Release|Any CPU.ActiveCfg = Release|Any CPU
		{9B17F0B8-285C-4AEC-A9C7-8EDF8551E9C1}.Release|Any CPU.Build.0 = Release|Any CPU
	EndGlobalSection
	GlobalSection(SolutionProperties) = preSolution
		HideSolutionNode = FALSE
	EndGlobalSection
	GlobalSection(ExtensibilityGlobals) = postSolution
		SolutionGuid = {BE652DD0-1B40-4481-886F-B1B73D5CA31B}
	EndGlobalSection
EndGlobal
